
Microsoft Visual Studio Solution File, Format Version 12.00
# Visual Studio Version 17
VisualStudioVersion = 17.10.34928.147
MinimumVisualStudioVersion = 10.0.40219.1
Project("{FAE04EC0-301F-11D3-BF4B-00C04F79EFBC}") = "BlazorApp1", "BlazorApp1\BlazorApp1.csproj", "{C0B6F085-E044-4579-8D9C-B241E2B224B8}"
EndProject
Global
	GlobalSection(SolutionConfigurationPlatforms) = preSolution
		Debug|Any CPU = Debug|Any CPU
		Release|Any CPU = Release|Any CPU
	EndGlobalSection
	GlobalSection(ProjectConfigurationPlatforms) = postSolution
		{C0B6F085-E044-4579-8D9C-B241E2B224B8}.Debug|Any CPU.ActiveCfg = Debug|Any CPU
		{C0B6F085-E044-4579-8D9C-B241E2B224B8}.Debug|Any CPU.Build.0 = Debug|Any CPU
		{C0B6F085-E044-4579-8D9C-B241E2B224B8}.Release|Any CPU.ActiveCfg = Release|Any CPU
		{C0B6F085-E044-4579-8D9C-B241E2B224B8}.Release|Any CPU.Build.0 = Release|Any CPU
	EndGlobalSection
	GlobalSection(SolutionProperties) = preSolution
		HideSolutionNode = FALSE
	EndGlobalSection
	GlobalSection(ExtensibilityGlobals) = postSolution
		SolutionGuid = {64C3D7ED-F3B3-4BF2-9943-913F48458D61}
	EndGlobalSection
EndGlobal
